
Microsoft Visual Studio Solution File, Format Version 12.00
# Visual Studio Version 16
VisualStudioVersion = 16.0.31911.196
MinimumVisualStudioVersion = 10.0.40219.1
Project("{8BC9CEB8-8B4A-11D0-8D11-00A0C91BC942}") = "Temp Converter", "Temp Converter.vcxproj", "{BF134FDC-27F3-488D-B119-CE19DD4B7B73}"
EndProject
Global
	GlobalSection(SolutionConfigurationPlatforms) = preSolution
		Debug|x64 = Debug|x64
		Debug|x86 = Debug|x86
		Release|x64 = Release|x64
		Release|x86 = Release|x86
	EndGlobalSection
	GlobalSection(ProjectConfigurationPlatforms) = postSolution
		{BF134FDC-27F3-488D-B119-CE19DD4B7B73}.Debug|x64.ActiveCfg = Debug|x64
		{BF134FDC-27F3-488D-B119-CE19DD4B7B73}.Debug|x64.Build.0 = Debug|x64
		{BF134FDC-27F3-488D-B119-CE19DD4B7B73}.Debug|x86.ActiveCfg = Debug|Win32
		{BF134FDC-27F3-488D-B119-CE19DD4B7B73}.Debug|x86.Build.0 = Debug|Win32
		{BF134FDC-27F3-488D-B119-CE19DD4B7B73}.Release|x64.ActiveCfg = Release|x64
		{BF134FDC-27F3-488D-B119-CE19DD4B7B73}.Release|x64.Build.0 = Release|x64
		{BF134FDC-27F3-488D-B119-CE19DD4B7B73}.Release|x86.ActiveCfg = Release|Win32
		{BF134FDC-27F3-488D-B119-CE19DD4B7B73}.Release|x86.Build.0 = Release|Win32
	EndGlobalSection
	GlobalSection(SolutionProperties) = preSolution
		HideSolutionNode = FALSE
	EndGlobalSection
	GlobalSection(ExtensibilityGlobals) = postSolution
		SolutionGuid = {EB3A966E-2D60-418F-9384-9DE82D3A0D25}
	EndGlobalSection
EndGlobal
